// !$*UTF8*$!
{
	archiveVersion = 1;
	classes = {
	};
	objectVersion = 70;
	objects = {

/* Begin PBXBuildFile section */
		CFA2024F29E7F3660052AFBD /* RequestTest.swift in Sources */ = {isa = PBXBuildFile; fileRef = CFA2024E29E7F3660052AFBD /* RequestTest.swift */; };
		CFC4894229ECE3E700885F25 /* FavoriteListUseCaseTest.swift in Sources */ = {isa = PBXBuildFile; fileRef = CFC4894129ECE3E700885F25 /* FavoriteListUseCaseTest.swift */; };
		CFC4894429ECFFCA00885F25 /* FavoriteViewModelTest.swift in Sources */ = {isa = PBXBuildFile; fileRef = CFC4894329ECFFCA00885F25 /* FavoriteViewModelTest.swift */; };
		CFC4895129ED41A200885F25 /* DetailUseCaseTest.swift in Sources */ = {isa = PBXBuildFile; fileRef = CFC4895029ED41A200885F25 /* DetailUseCaseTest.swift */; };
		CFCBFB2A29E912B100602AF1 /* PokemonServiceTest.swift in Sources */ = {isa = PBXBuildFile; fileRef = CFCBFB2929E912B100602AF1 /* PokemonServiceTest.swift */; };
		CFCBFB2C29E9139200602AF1 /* Helper.swift in Sources */ = {isa = PBXBuildFile; fileRef = CFCBFB2B29E9139200602AF1 /* Helper.swift */; };
		CFCBFB3029E928BB00602AF1 /* PokemonRequestMakerTest.swift in Sources */ = {isa = PBXBuildFile; fileRef = CFCBFB2F29E928BB00602AF1 /* PokemonRequestMakerTest.swift */; };
		CFCBFB3D29E94D0C00602AF1 /* ListUseCaseTest.swift in Sources */ = {isa = PBXBuildFile; fileRef = CFCBFB3C29E94D0C00602AF1 /* ListUseCaseTest.swift */; };
		CFCBFB4029E95D9D00602AF1 /* ListViewModelTest.swift in Sources */ = {isa = PBXBuildFile; fileRef = CFCBFB3F29E95D9D00602AF1 /* ListViewModelTest.swift */; };
		CFCBFB4A29EA690700602AF1 /* PokemonStoreUseCaseTest.swift in Sources */ = {isa = PBXBuildFile; fileRef = CFCBFB4929EA690700602AF1 /* PokemonStoreUseCaseTest.swift */; };
		CFD9A58F29E7BF4700C0817E /* Nuke in Frameworks */ = {isa = PBXBuildFile; productRef = CFD9A58E29E7BF4700C0817E /* Nuke */; };
		CFD9A59229E7BF5E00C0817E /* SnapKit in Frameworks */ = {isa = PBXBuildFile; productRef = CFD9A59129E7BF5E00C0817E /* SnapKit */; };
/* End PBXBuildFile section */

/* Begin PBXContainerItemProxy section */
		CFD9A56E29E7A90300C0817E /* PBXContainerItemProxy */ = {
			isa = PBXContainerItemProxy;
			containerPortal = CFD9A54F29E7A90200C0817E /* Project object */;
			proxyType = 1;
			remoteGlobalIDString = CFD9A55629E7A90200C0817E;
			remoteInfo = AnotherPokemonAssignment;
		};
/* End PBXContainerItemProxy section */

/* Begin PBXFileReference section */
		CFA2024E29E7F3660052AFBD /* RequestTest.swift */ = {isa = PBXFileReference; lastKnownFileType = sourcecode.swift; path = RequestTest.swift; sourceTree = "<group>"; };
		CFC4894129ECE3E700885F25 /* FavoriteListUseCaseTest.swift */ = {isa = PBXFileReference; lastKnownFileType = sourcecode.swift; path = FavoriteListUseCaseTest.swift; sourceTree = "<group>"; };
		CFC4894329ECFFCA00885F25 /* FavoriteViewModelTest.swift */ = {isa = PBXFileReference; lastKnownFileType = sourcecode.swift; path = FavoriteViewModelTest.swift; sourceTree = "<group>"; };
		CFC4895029ED41A200885F25 /* DetailUseCaseTest.swift */ = {isa = PBXFileReference; lastKnownFileType = sourcecode.swift; path = DetailUseCaseTest.swift; sourceTree = "<group>"; };
		CFCBFB2929E912B100602AF1 /* PokemonServiceTest.swift */ = {isa = PBXFileReference; lastKnownFileType = sourcecode.swift; path = PokemonServiceTest.swift; sourceTree = "<group>"; };
		CFCBFB2B29E9139200602AF1 /* Helper.swift */ = {isa = PBXFileReference; lastKnownFileType = sourcecode.swift; path = Helper.swift; sourceTree = "<group>"; };
		CFCBFB2F29E928BB00602AF1 /* PokemonRequestMakerTest.swift */ = {isa = PBXFileReference; lastKnownFileType = sourcecode.swift; path = PokemonRequestMakerTest.swift; sourceTree = "<group>"; };
		CFCBFB3C29E94D0C00602AF1 /* ListUseCaseTest.swift */ = {isa = PBXFileReference; lastKnownFileType = sourcecode.swift; path = ListUseCaseTest.swift; sourceTree = "<group>"; };
		CFCBFB3F29E95D9D00602AF1 /* ListViewModelTest.swift */ = {isa = PBXFileReference; lastKnownFileType = sourcecode.swift; path = ListViewModelTest.swift; sourceTree = "<group>"; };
		CFCBFB4929EA690700602AF1 /* PokemonStoreUseCaseTest.swift */ = {isa = PBXFileReference; lastKnownFileType = sourcecode.swift; path = PokemonStoreUseCaseTest.swift; sourceTree = "<group>"; };
		CFD9A55729E7A90200C0817E /* AnotherPokemonAssignment.app */ = {isa = PBXFileReference; explicitFileType = wrapper.application; includeInIndex = 0; path = AnotherPokemonAssignment.app; sourceTree = BUILT_PRODUCTS_DIR; };
		CFD9A56D29E7A90300C0817E /* AnotherPokemonAssignmentTests.xctest */ = {isa = PBXFileReference; explicitFileType = wrapper.cfbundle; includeInIndex = 0; path = AnotherPokemonAssignmentTests.xctest; sourceTree = BUILT_PRODUCTS_DIR; };
/* End PBXFileReference section */

/* Begin PBXFileSystemSynchronizedBuildFileExceptionSet section */
		4D06EA232E7AB70200A383BF /* PBXFileSystemSynchronizedBuildFileExceptionSet */ = {
			isa = PBXFileSystemSynchronizedBuildFileExceptionSet;
			membershipExceptions = (
				Info.plist,
			);
			target = CFD9A55629E7A90200C0817E /* AnotherPokemonAssignment */;
		};
/* End PBXFileSystemSynchronizedBuildFileExceptionSet section */

/* Begin PBXFileSystemSynchronizedRootGroup section */
		4D06EA072E7AB70200A383BF /* AnotherPokemonAssignment */ = {isa = PBXFileSystemSynchronizedRootGroup; exceptions = (4D06EA232E7AB70200A383BF /* PBXFileSystemSynchronizedBuildFileExceptionSet */, ); explicitFileTypes = {}; explicitFolders = (); path = AnotherPokemonAssignment; sourceTree = "<group>"; };
/* End PBXFileSystemSynchronizedRootGroup section */

/* Begin PBXFrameworksBuildPhase section */
		CFD9A55429E7A90200C0817E /* Frameworks */ = {
			isa = PBXFrameworksBuildPhase;
			buildActionMask = 2147483647;
			files = (
				CFD9A58F29E7BF4700C0817E /* Nuke in Frameworks */,
				CFD9A59229E7BF5E00C0817E /* SnapKit in Frameworks */,
			);
			runOnlyForDeploymentPostprocessing = 0;
		};
		CFD9A56A29E7A90300C0817E /* Frameworks */ = {
			isa = PBXFrameworksBuildPhase;
			buildActionMask = 2147483647;
			files = (
			);
			runOnlyForDeploymentPostprocessing = 0;
		};
/* End PBXFrameworksBuildPhase section */

/* Begin PBXGroup section */
		CFA2024D29E7F33A0052AFBD /* Networking */ = {
			isa = PBXGroup;
			children = (
				CFA2024E29E7F3660052AFBD /* RequestTest.swift */,
				CFCBFB2929E912B100602AF1 /* PokemonServiceTest.swift */,
			);
			path = Networking;
			sourceTree = "<group>";
		};
		CFCBFB3129E928C300602AF1 /* Service */ = {
			isa = PBXGroup;
			children = (
				CFCBFB2F29E928BB00602AF1 /* PokemonRequestMakerTest.swift */,
			);
			path = Service;
			sourceTree = "<group>";
		};
		CFCBFB3B29E94CFB00602AF1 /* UseCase */ = {
			isa = PBXGroup;
			children = (
				CFCBFB3C29E94D0C00602AF1 /* ListUseCaseTest.swift */,
				CFCBFB4929EA690700602AF1 /* PokemonStoreUseCaseTest.swift */,
				CFC4894129ECE3E700885F25 /* FavoriteListUseCaseTest.swift */,
				CFC4895029ED41A200885F25 /* DetailUseCaseTest.swift */,
			);
			path = UseCase;
			sourceTree = "<group>";
		};
		CFCBFB3E29E95D8B00602AF1 /* ViewModel */ = {
			isa = PBXGroup;
			children = (
				CFCBFB3F29E95D9D00602AF1 /* ListViewModelTest.swift */,
				CFC4894329ECFFCA00885F25 /* FavoriteViewModelTest.swift */,
			);
			path = ViewModel;
			sourceTree = "<group>";
		};
		CFD9A54E29E7A90200C0817E = {
			isa = PBXGroup;
			children = (
				4D06EA072E7AB70200A383BF /* AnotherPokemonAssignment */,
				CFD9A57029E7A90300C0817E /* AnotherPokemonAssignmentTests */,
				CFD9A55829E7A90200C0817E /* Products */,
			);
			sourceTree = "<group>";
		};
		CFD9A55829E7A90200C0817E /* Products */ = {
			isa = PBXGroup;
			children = (
				CFD9A55729E7A90200C0817E /* AnotherPokemonAssignment.app */,
				CFD9A56D29E7A90300C0817E /* AnotherPokemonAssignmentTests.xctest */,
			);
			name = Products;
			sourceTree = "<group>";
		};
		CFD9A57029E7A90300C0817E /* AnotherPokemonAssignmentTests */ = {
			isa = PBXGroup;
			children = (
				CFCBFB2B29E9139200602AF1 /* Helper.swift */,
				CFCBFB3E29E95D8B00602AF1 /* ViewModel */,
				CFCBFB3B29E94CFB00602AF1 /* UseCase */,
				CFA2024D29E7F33A0052AFBD /* Networking */,
				CFCBFB3129E928C300602AF1 /* Service */,
			);
			path = AnotherPokemonAssignmentTests;
			sourceTree = "<group>";
		};
/* End PBXGroup section */

/* Begin PBXNativeTarget section */
		CFD9A55629E7A90200C0817E /* AnotherPokemonAssignment */ = {
			isa = PBXNativeTarget;
			buildConfigurationList = CFD9A58129E7A90300C0817E /* Build configuration list for PBXNativeTarget "AnotherPokemonAssignment" */;
			buildPhases = (
				CFD9A55329E7A90200C0817E /* Sources */,
				CFD9A55429E7A90200C0817E /* Frameworks */,
				CFD9A55529E7A90200C0817E /* Resources */,
			);
			buildRules = (
			);
			dependencies = (
			);
			fileSystemSynchronizedGroups = (
				4D06EA072E7AB70200A383BF /* AnotherPokemonAssignment */,
			);
			name = AnotherPokemonAssignment;
			packageProductDependencies = (
				CFD9A58E29E7BF4700C0817E /* Nuke */,
				CFD9A59129E7BF5E00C0817E /* SnapKit */,
			);
			productName = AnotherPokemonAssignment;
			productReference = CFD9A55729E7A90200C0817E /* AnotherPokemonAssignment.app */;
			productType = "com.apple.product-type.application";
		};
		CFD9A56C29E7A90300C0817E /* AnotherPokemonAssignmentTests */ = {
			isa = PBXNativeTarget;
			buildConfigurationList = CFD9A58429E7A90300C0817E /* Build configuration list for PBXNativeTarget "AnotherPokemonAssignmentTests" */;
			buildPhases = (
				CFD9A56929E7A90300C0817E /* Sources */,
				CFD9A56A29E7A90300C0817E /* Frameworks */,
				CFD9A56B29E7A90300C0817E /* Resources */,
			);
			buildRules = (
			);
			dependencies = (
				CFD9A56F29E7A90300C0817E /* PBXTargetDependency */,
			);
			name = AnotherPokemonAssignmentTests;
			productName = AnotherPokemonAssignmentTests;
			productReference = CFD9A56D29E7A90300C0817E /* AnotherPokemonAssignmentTests.xctest */;
			productType = "com.apple.product-type.bundle.unit-test";
		};
/* End PBXNativeTarget section */

/* Begin PBXProject section */
		CFD9A54F29E7A90200C0817E /* Project object */ = {
			isa = PBXProject;
			attributes = {
				BuildIndependentTargetsInParallel = 1;
				LastSwiftUpdateCheck = 1420;
				LastUpgradeCheck = 1420;
				TargetAttributes = {
					CFD9A55629E7A90200C0817E = {
						CreatedOnToolsVersion = 14.2;
					};
					CFD9A56C29E7A90300C0817E = {
						CreatedOnToolsVersion = 14.2;
						LastSwiftMigration = 1420;
						TestTargetID = CFD9A55629E7A90200C0817E;
					};
				};
			};
			buildConfigurationList = CFD9A55229E7A90200C0817E /* Build configuration list for PBXProject "AnotherPokemonAssignment" */;
			compatibilityVersion = "Xcode 14.0";
			developmentRegion = en;
			hasScannedForEncodings = 0;
			knownRegions = (
				en,
				Base,
			);
			mainGroup = CFD9A54E29E7A90200C0817E;
			packageReferences = (
				CFD9A58D29E7BF4700C0817E /* XCRemoteSwiftPackageReference "Nuke" */,
				CFD9A59029E7BF5E00C0817E /* XCRemoteSwiftPackageReference "SnapKit" */,
			);
			productRefGroup = CFD9A55829E7A90200C0817E /* Products */;
			projectDirPath = "";
			projectRoot = "";
			targets = (
				CFD9A55629E7A90200C0817E /* AnotherPokemonAssignment */,
				CFD9A56C29E7A90300C0817E /* AnotherPokemonAssignmentTests */,
			);
		};
/* End PBXProject section */

/* Begin PBXResourcesBuildPhase section */
		CFD9A55529E7A90200C0817E /* Resources */ = {
			isa = PBXResourcesBuildPhase;
			buildActionMask = 2147483647;
			files = (
			);
			runOnlyForDeploymentPostprocessing = 0;
		};
		CFD9A56B29E7A90300C0817E /* Resources */ = {
			isa = PBXResourcesBuildPhase;
			buildActionMask = 2147483647;
			files = (
			);
			runOnlyForDeploymentPostprocessing = 0;
		};
/* End PBXResourcesBuildPhase section */

/* Begin PBXSourcesBuildPhase section */
		CFD9A55329E7A90200C0817E /* Sources */ = {
			isa = PBXSourcesBuildPhase;
			buildActionMask = 2147483647;
			files = (
			);
			runOnlyForDeploymentPostprocessing = 0;
		};
		CFD9A56929E7A90300C0817E /* Sources */ = {
			isa = PBXSourcesBuildPhase;
			buildActionMask = 2147483647;
			files = (
				CFA2024F29E7F3660052AFBD /* RequestTest.swift in Sources */,
				CFCBFB2A29E912B100602AF1 /* PokemonServiceTest.swift in Sources */,
				CFCBFB4029E95D9D00602AF1 /* ListViewModelTest.swift in Sources */,
				CFCBFB3029E928BB00602AF1 /* PokemonRequestMakerTest.swift in Sources */,
				CFCBFB3D29E94D0C00602AF1 /* ListUseCaseTest.swift in Sources */,
				CFC4894229ECE3E700885F25 /* FavoriteListUseCaseTest.swift in Sources */,
				CFCBFB4A29EA690700602AF1 /* PokemonStoreUseCaseTest.swift in Sources */,
				CFC4894429ECFFCA00885F25 /* FavoriteViewModelTest.swift in Sources */,
				CFC4895129ED41A200885F25 /* DetailUseCaseTest.swift in Sources */,
				CFCBFB2C29E9139200602AF1 /* Helper.swift in Sources */,
			);
			runOnlyForDeploymentPostprocessing = 0;
		};
/* End PBXSourcesBuildPhase section */

/* Begin PBXTargetDependency section */
		CFD9A56F29E7A90300C0817E /* PBXTargetDependency */ = {
			isa = PBXTargetDependency;
			target = CFD9A55629E7A90200C0817E /* AnotherPokemonAssignment */;
			targetProxy = CFD9A56E29E7A90300C0817E /* PBXContainerItemProxy */;
		};
/* End PBXTargetDependency section */

/* Begin XCBuildConfiguration section */
		CFD9A57F29E7A90300C0817E /* Debug */ = {
			isa = XCBuildConfiguration;
			buildSettings = {
				ALWAYS_SEARCH_USER_PATHS = NO;
				CLANG_ANALYZER_NONNULL = YES;
				CLANG_ANALYZER_NUMBER_OBJECT_CONVERSION = YES_AGGRESSIVE;
				CLANG_CXX_LANGUAGE_STANDARD = "gnu++20";
				CLANG_ENABLE_MODULES = YES;
				CLANG_ENABLE_OBJC_ARC = YES;
				CLANG_ENABLE_OBJC_WEAK = YES;
				CLANG_WARN_BLOCK_CAPTURE_AUTORELEASING = YES;
				CLANG_WARN_BOOL_CONVERSION = YES;
				CLANG_WARN_COMMA = YES;
				CLANG_WARN_CONSTANT_CONVERSION = YES;
				CLANG_WARN_DEPRECATED_OBJC_IMPLEMENTATIONS = YES;
				CLANG_WARN_DIRECT_OBJC_ISA_USAGE = YES_ERROR;
				CLANG_WARN_DOCUMENTATION_COMMENTS = YES;
				CLANG_WARN_EMPTY_BODY = YES;
				CLANG_WARN_ENUM_CONVERSION = YES;
				CLANG_WARN_INFINITE_RECURSION = YES;
				CLANG_WARN_INT_CONVERSION = YES;
				CLANG_WARN_NON_LITERAL_NULL_CONVERSION = YES;
				CLANG_WARN_OBJC_IMPLICIT_RETAIN_SELF = YES;
				CLANG_WARN_OBJC_LITERAL_CONVERSION = YES;
				CLANG_WARN_OBJC_ROOT_CLASS = YES_ERROR;
				CLANG_WARN_QUOTED_INCLUDE_IN_FRAMEWORK_HEADER = YES;
				CLANG_WARN_RANGE_LOOP_ANALYSIS = YES;
				CLANG_WARN_STRICT_PROTOTYPES = YES;
				CLANG_WARN_SUSPICIOUS_MOVE = YES;
				CLANG_WARN_UNGUARDED_AVAILABILITY = YES_AGGRESSIVE;
				CLANG_WARN_UNREACHABLE_CODE = YES;
				CLANG_WARN__DUPLICATE_METHOD_MATCH = YES;
				COPY_PHASE_STRIP = NO;
				DEBUG_INFORMATION_FORMAT = dwarf;
				ENABLE_STRICT_OBJC_MSGSEND = YES;
				ENABLE_TESTABILITY = YES;
				GCC_C_LANGUAGE_STANDARD = gnu11;
				GCC_DYNAMIC_NO_PIC = NO;
				GCC_NO_COMMON_BLOCKS = YES;
				GCC_OPTIMIZATION_LEVEL = 0;
				GCC_PREPROCESSOR_DEFINITIONS = (
					"DEBUG=1",
					"$(inherited)",
				);
				GCC_WARN_64_TO_32_BIT_CONVERSION = YES;
				GCC_WARN_ABOUT_RETURN_TYPE = YES_ERROR;
				GCC_WARN_UNDECLARED_SELECTOR = YES;
				GCC_WARN_UNINITIALIZED_AUTOS = YES_AGGRESSIVE;
				GCC_WARN_UNUSED_FUNCTION = YES;
				GCC_WARN_UNUSED_VARIABLE = YES;
				IPHONEOS_DEPLOYMENT_TARGET = 14.0;
				MTL_ENABLE_DEBUG_INFO = INCLUDE_SOURCE;
				MTL_FAST_MATH = YES;
				ONLY_ACTIVE_ARCH = YES;
				SDKROOT = iphoneos;
				SWIFT_ACTIVE_COMPILATION_CONDITIONS = DEBUG;
				SWIFT_OPTIMIZATION_LEVEL = "-Onone";
			};
			name = Debug;
		};
		CFD9A58029E7A90300C0817E /* Release */ = {
			isa = XCBuildConfiguration;
			buildSettings = {
				ALWAYS_SEARCH_USER_PATHS = NO;
				CLANG_ANALYZER_NONNULL = YES;
				CLANG_ANALYZER_NUMBER_OBJECT_CONVERSION = YES_AGGRESSIVE;
				CLANG_CXX_LANGUAGE_STANDARD = "gnu++20";
				CLANG_ENABLE_MODULES = YES;
				CLANG_ENABLE_OBJC_ARC = YES;
				CLANG_ENABLE_OBJC_WEAK = YES;
				CLANG_WARN_BLOCK_CAPTURE_AUTORELEASING = YES;
				CLANG_WARN_BOOL_CONVERSION = YES;
				CLANG_WARN_COMMA = YES;
				CLANG_WARN_CONSTANT_CONVERSION = YES;
				CLANG_WARN_DEPRECATED_OBJC_IMPLEMENTATIONS = YES;
				CLANG_WARN_DIRECT_OBJC_ISA_USAGE = YES_ERROR;
				CLANG_WARN_DOCUMENTATION_COMMENTS = YES;
				CLANG_WARN_EMPTY_BODY = YES;
				CLANG_WARN_ENUM_CONVERSION = YES;
				CLANG_WARN_INFINITE_RECURSION = YES;
				CLANG_WARN_INT_CONVERSION = YES;
				CLANG_WARN_NON_LITERAL_NULL_CONVERSION = YES;
				CLANG_WARN_OBJC_IMPLICIT_RETAIN_SELF = YES;
				CLANG_WARN_OBJC_LITERAL_CONVERSION = YES;
				CLANG_WARN_OBJC_ROOT_CLASS = YES_ERROR;
				CLANG_WARN_QUOTED_INCLUDE_IN_FRAMEWORK_HEADER = YES;
				CLANG_WARN_RANGE_LOOP_ANALYSIS = YES;
				CLANG_WARN_STRICT_PROTOTYPES = YES;
				CLANG_WARN_SUSPICIOUS_MOVE = YES;
				CLANG_WARN_UNGUARDED_AVAILABILITY = YES_AGGRESSIVE;
				CLANG_WARN_UNREACHABLE_CODE = YES;
				CLANG_WARN__DUPLICATE_METHOD_MATCH = YES;
				COPY_PHASE_STRIP = NO;
				DEBUG_INFORMATION_FORMAT = "dwarf-with-dsym";
				ENABLE_NS_ASSERTIONS = NO;
				ENABLE_STRICT_OBJC_MSGSEND = YES;
				GCC_C_LANGUAGE_STANDARD = gnu11;
				GCC_NO_COMMON_BLOCKS = YES;
				GCC_WARN_64_TO_32_BIT_CONVERSION = YES;
				GCC_WARN_ABOUT_RETURN_TYPE = YES_ERROR;
				GCC_WARN_UNDECLARED_SELECTOR = YES;
				GCC_WARN_UNINITIALIZED_AUTOS = YES_AGGRESSIVE;
				GCC_WARN_UNUSED_FUNCTION = YES;
				GCC_WARN_UNUSED_VARIABLE = YES;
				IPHONEOS_DEPLOYMENT_TARGET = 14.0;
				MTL_ENABLE_DEBUG_INFO = NO;
				MTL_FAST_MATH = YES;
				SDKROOT = iphoneos;
				SWIFT_COMPILATION_MODE = wholemodule;
				SWIFT_OPTIMIZATION_LEVEL = "-O";
				VALIDATE_PRODUCT = YES;
			};
			name = Release;
		};
		CFD9A58229E7A90300C0817E /* Debug */ = {
			isa = XCBuildConfiguration;
			buildSettings = {
				ASSETCATALOG_COMPILER_APPICON_NAME = AppIcon;
				ASSETCATALOG_COMPILER_GLOBAL_ACCENT_COLOR_NAME = AccentColor;
				CODE_SIGN_IDENTITY = "Apple Development";
				CODE_SIGN_STYLE = Manual;
				CURRENT_PROJECT_VERSION = 1;
				DEVELOPMENT_TEAM = "";
				GENERATE_INFOPLIST_FILE = YES;
				INFOPLIST_FILE = AnotherPokemonAssignment/Info.plist;
				INFOPLIST_KEY_CFBundleDisplayName = AnotherPokemonAssignment;
				INFOPLIST_KEY_UIApplicationSupportsIndirectInputEvents = YES;
				INFOPLIST_KEY_UILaunchStoryboardName = LaunchScreen;
				INFOPLIST_KEY_UISupportedInterfaceOrientations_iPad = "UIInterfaceOrientationPortrait UIInterfaceOrientationPortraitUpsideDown UIInterfaceOrientationLandscapeLeft UIInterfaceOrientationLandscapeRight";
				INFOPLIST_KEY_UISupportedInterfaceOrientations_iPhone = "UIInterfaceOrientationPortrait UIInterfaceOrientationLandscapeLeft UIInterfaceOrientationLandscapeRight";
				IPHONEOS_DEPLOYMENT_TARGET = 14.0;
				LD_RUNPATH_SEARCH_PATHS = (
					"$(inherited)",
					"@executable_path/Frameworks",
				);
				MARKETING_VERSION = 1.0;
				PRODUCT_BUNDLE_IDENTIFIER = com.justbug.anotherpokemonassignment;
				PRODUCT_NAME = "$(TARGET_NAME)";
				PROVISIONING_PROFILE_SPECIFIER = "";
				SWIFT_EMIT_LOC_STRINGS = YES;
				SWIFT_VERSION = 5.0;
				TARGETED_DEVICE_FAMILY = "1,2";
			};
			name = Debug;
		};
		CFD9A58329E7A90300C0817E /* Release */ = {
			isa = XCBuildConfiguration;
			buildSettings = {
				ASSETCATALOG_COMPILER_APPICON_NAME = AppIcon;
				ASSETCATALOG_COMPILER_GLOBAL_ACCENT_COLOR_NAME = AccentColor;
				CODE_SIGN_IDENTITY = "Apple Development";
				CODE_SIGN_STYLE = Manual;
				CURRENT_PROJECT_VERSION = 1;
				DEVELOPMENT_TEAM = "";
				GENERATE_INFOPLIST_FILE = YES;
				INFOPLIST_FILE = AnotherPokemonAssignment/Info.plist;
				INFOPLIST_KEY_CFBundleDisplayName = AnotherPokemonAssignment;
				INFOPLIST_KEY_UIApplicationSupportsIndirectInputEvents = YES;
				INFOPLIST_KEY_UILaunchStoryboardName = LaunchScreen;
				INFOPLIST_KEY_UISupportedInterfaceOrientations_iPad = "UIInterfaceOrientationPortrait UIInterfaceOrientationPortraitUpsideDown UIInterfaceOrientationLandscapeLeft UIInterfaceOrientationLandscapeRight";
				INFOPLIST_KEY_UISupportedInterfaceOrientations_iPhone = "UIInterfaceOrientationPortrait UIInterfaceOrientationLandscapeLeft UIInterfaceOrientationLandscapeRight";
				IPHONEOS_DEPLOYMENT_TARGET = 14.0;
				LD_RUNPATH_SEARCH_PATHS = (
					"$(inherited)",
					"@executable_path/Frameworks",
				);
				MARKETING_VERSION = 1.0;
				PRODUCT_BUNDLE_IDENTIFIER = com.justbug.anotherpokemonassignment;
				PRODUCT_NAME = "$(TARGET_NAME)";
				PROVISIONING_PROFILE_SPECIFIER = "";
				SWIFT_EMIT_LOC_STRINGS = YES;
				SWIFT_VERSION = 5.0;
				TARGETED_DEVICE_FAMILY = "1,2";
			};
			name = Release;
		};
		CFD9A58529E7A90300C0817E /* Debug */ = {
			isa = XCBuildConfiguration;
			buildSettings = {
				BUNDLE_LOADER = "$(TEST_HOST)";
				CLANG_ENABLE_MODULES = YES;
				CODE_SIGN_STYLE = Automatic;
				CURRENT_PROJECT_VERSION = 1;
				GENERATE_INFOPLIST_FILE = YES;
				IPHONEOS_DEPLOYMENT_TARGET = 14.0;
				LD_RUNPATH_SEARCH_PATHS = (
					"$(inherited)",
					"@executable_path/Frameworks",
					"@loader_path/Frameworks",
				);
				MARKETING_VERSION = 1.0;
				PRODUCT_BUNDLE_IDENTIFIER = com.justbug.anotherpokemonassignment.AnotherPokemonAssignmentTests;
				PRODUCT_NAME = "$(TARGET_NAME)";
				SWIFT_EMIT_LOC_STRINGS = NO;
				SWIFT_OPTIMIZATION_LEVEL = "-Onone";
				SWIFT_VERSION = 5.0;
				TARGETED_DEVICE_FAMILY = "1,2";
				TEST_HOST = "$(BUILT_PRODUCTS_DIR)/AnotherPokemonAssignment.app/$(BUNDLE_EXECUTABLE_FOLDER_PATH)/AnotherPokemonAssignment";
			};
			name = Debug;
		};
		CFD9A58629E7A90300C0817E /* Release */ = {
			isa = XCBuildConfiguration;
			buildSettings = {
				BUNDLE_LOADER = "$(TEST_HOST)";
				CLANG_ENABLE_MODULES = YES;
				CODE_SIGN_STYLE = Automatic;
				CURRENT_PROJECT_VERSION = 1;
				GENERATE_INFOPLIST_FILE = YES;
				IPHONEOS_DEPLOYMENT_TARGET = 14.0;
				LD_RUNPATH_SEARCH_PATHS = (
					"$(inherited)",
					"@executable_path/Frameworks",
					"@loader_path/Frameworks",
				);
				MARKETING_VERSION = 1.0;
				PRODUCT_BUNDLE_IDENTIFIER = com.justbug.anotherpokemonassignment.AnotherPokemonAssignmentTests;
				PRODUCT_NAME = "$(TARGET_NAME)";
				SWIFT_EMIT_LOC_STRINGS = NO;
				SWIFT_VERSION = 5.0;
				TARGETED_DEVICE_FAMILY = "1,2";
				TEST_HOST = "$(BUILT_PRODUCTS_DIR)/AnotherPokemonAssignment.app/$(BUNDLE_EXECUTABLE_FOLDER_PATH)/AnotherPokemonAssignment";
			};
			name = Release;
		};
/* End XCBuildConfiguration section */

/* Begin XCConfigurationList section */
		CFD9A55229E7A90200C0817E /* Build configuration list for PBXProject "AnotherPokemonAssignment" */ = {
			isa = XCConfigurationList;
			buildConfigurations = (
				CFD9A57F29E7A90300C0817E /* Debug */,
				CFD9A58029E7A90300C0817E /* Release */,
			);
			defaultConfigurationIsVisible = 0;
			defaultConfigurationName = Release;
		};
		CFD9A58129E7A90300C0817E /* Build configuration list for PBXNativeTarget "AnotherPokemonAssignment" */ = {
			isa = XCConfigurationList;
			buildConfigurations = (
				CFD9A58229E7A90300C0817E /* Debug */,
				CFD9A58329E7A90300C0817E /* Release */,
			);
			defaultConfigurationIsVisible = 0;
			defaultConfigurationName = Release;
		};
		CFD9A58429E7A90300C0817E /* Build configuration list for PBXNativeTarget "AnotherPokemonAssignmentTests" */ = {
			isa = XCConfigurationList;
			buildConfigurations = (
				CFD9A58529E7A90300C0817E /* Debug */,
				CFD9A58629E7A90300C0817E /* Release */,
			);
			defaultConfigurationIsVisible = 0;
			defaultConfigurationName = Release;
		};
/* End XCConfigurationList section */

/* Begin XCRemoteSwiftPackageReference section */
		CFD9A58D29E7BF4700C0817E /* XCRemoteSwiftPackageReference "Nuke" */ = {
			isa = XCRemoteSwiftPackageReference;
			repositoryURL = "https://github.com/kean/Nuke";
			requirement = {
				kind = upToNextMajorVersion;
				minimumVersion = 12.0.0;
			};
		};
		CFD9A59029E7BF5E00C0817E /* XCRemoteSwiftPackageReference "SnapKit" */ = {
			isa = XCRemoteSwiftPackageReference;
			repositoryURL = "https://github.com/SnapKit/SnapKit";
			requirement = {
				kind = upToNextMajorVersion;
				minimumVersion = 5.0.0;
			};
		};
/* End XCRemoteSwiftPackageReference section */

/* Begin XCSwiftPackageProductDependency section */
		CFD9A58E29E7BF4700C0817E /* Nuke */ = {
			isa = XCSwiftPackageProductDependency;
			package = CFD9A58D29E7BF4700C0817E /* XCRemoteSwiftPackageReference "Nuke" */;
			productName = Nuke;
		};
		CFD9A59129E7BF5E00C0817E /* SnapKit */ = {
			isa = XCSwiftPackageProductDependency;
			package = CFD9A59029E7BF5E00C0817E /* XCRemoteSwiftPackageReference "SnapKit" */;
			productName = SnapKit;
		};
/* End XCSwiftPackageProductDependency section */
	};
	rootObject = CFD9A54F29E7A90200C0817E /* Project object */;
}
